
Microsoft Visual Studio Solution File, Format Version 12.00
# Visual Studio Version 17
VisualStudioVersion = 17.11.35312.102
MinimumVisualStudioVersion = 10.0.40219.1
Project("{8BC9CEB8-8B4A-11D0-8D11-00A0C91BC942}") = "fltmgr", "fltmgr\fltmgr.vcxproj", "{0DDC97CB-55D0-4DDE-8090-C7983684E8AF}"
EndProject
Project("{8BC9CEB8-8B4A-11D0-8D11-00A0C91BC942}") = "ntoskrnl", "ntoskrnl\ntoskrnl.vcxproj", "{29ABF9EB-7559-4280-A7A1-079DA8C9749A}"
EndProject
Project("{8BC9CEB8-8B4A-11D0-8D11-00A0C91BC942}") = "hal", "hal\hal.vcxproj", "{1D58709B-707C-4F06-A70D-8F925B43FD1A}"
EndProject
Project("{8BC9CEB8-8B4A-11D0-8D11-00A0C91BC942}") = "MakeUsermode", "MakeUsermode\MakeUsermode.vcxproj", "{5DFE5858-2BAA-48CB-8DBC-9DA48A9FEB2B}"
EndProject
Project("{8BC9CEB8-8B4A-11D0-8D11-00A0C91BC942}") = "ci", "ci\ci.vcxproj", "{B0B1AC48-D9F6-42C3-BEAD-4594ABBEBAED}"
EndProject
Project("{8BC9CEB8-8B4A-11D0-8D11-00A0C91BC942}") = "cng", "cng\cng.vcxproj", "{CF57BE4A-6BE1-4473-AE99-9C354FB93227}"
EndProject
Project("{8BC9CEB8-8B4A-11D0-8D11-00A0C91BC942}") = "wdfldr", "wdfldr\wdfldr.vcxproj", "{016E6BC2-1B97-4B78-98C3-62D09B9C5F25}"
EndProject
Global
	GlobalSection(SolutionConfigurationPlatforms) = preSolution
		Debug|x64 = Debug|x64
		Debug|x86 = Debug|x86
		Release|x64 = Release|x64
		Release|x86 = Release|x86
	EndGlobalSection
	GlobalSection(ProjectConfigurationPlatforms) = postSolution
		{0DDC97CB-55D0-4DDE-8090-C7983684E8AF}.Debug|x64.ActiveCfg = Debug|x64
		{0DDC97CB-55D0-4DDE-8090-C7983684E8AF}.Debug|x64.Build.0 = Debug|x64
		{0DDC97CB-55D0-4DDE-8090-C7983684E8AF}.Debug|x86.ActiveCfg = Debug|Win32
		{0DDC97CB-55D0-4DDE-8090-C7983684E8AF}.Debug|x86.Build.0 = Debug|Win32
		{0DDC97CB-55D0-4DDE-8090-C7983684E8AF}.Release|x64.ActiveCfg = Release|x64
		{0DDC97CB-55D0-4DDE-8090-C7983684E8AF}.Release|x64.Build.0 = Release|x64
		{0DDC97CB-55D0-4DDE-8090-C7983684E8AF}.Release|x86.ActiveCfg = Release|Win32
		{0DDC97CB-55D0-4DDE-8090-C7983684E8AF}.Release|x86.Build.0 = Release|Win32
		{29ABF9EB-7559-4280-A7A1-079DA8C9749A}.Debug|x64.ActiveCfg = Debug|x64
		{29ABF9EB-7559-4280-A7A1-079DA8C9749A}.Debug|x64.Build.0 = Debug|x64
		{29ABF9EB-7559-4280-A7A1-079DA8C9749A}.Debug|x86.ActiveCfg = Debug|Win32
		{29ABF9EB-7559-4280-A7A1-079DA8C9749A}.Debug|x86.Build.0 = Debug|Win32
		{29ABF9EB-7559-4280-A7A1-079DA8C9749A}.Release|x64.ActiveCfg = Release|x64
		{29ABF9EB-7559-4280-A7A1-079DA8C9749A}.Release|x64.Build.0 = Release|x64
		{29ABF9EB-7559-4280-A7A1-079DA8C9749A}.Release|x86.ActiveCfg = Release|Win32
		{29ABF9EB-7559-4280-A7A1-079DA8C9749A}.Release|x86.Build.0 = Release|Win32
		{1D58709B-707C-4F06-A70D-8F925B43FD1A}.Debug|x64.ActiveCfg = Debug|x64
		{1D58709B-707C-4F06-A70D-8F925B43FD1A}.Debug|x64.Build.0 = Debug|x64
		{1D58709B-707C-4F06-A70D-8F925B43FD1A}.Debug|x86.ActiveCfg = Debug|Win32
		{1D58709B-707C-4F06-A70D-8F925B43FD1A}.Debug|x86.Build.0 = Debug|Win32
		{1D58709B-707C-4F06-A70D-8F925B43FD1A}.Release|x64.ActiveCfg = Release|x64
		{1D58709B-707C-4F06-A70D-8F925B43FD1A}.Release|x64.Build.0 = Release|x64
		{1D58709B-707C-4F06-A70D-8F925B43FD1A}.Release|x86.ActiveCfg = Release|Win32
		{1D58709B-707C-4F06-A70D-8F925B43FD1A}.Release|x86.Build.0 = Release|Win32
		{5DFE5858-2BAA-48CB-8DBC-9DA48A9FEB2B}.Debug|x64.ActiveCfg = Debug|x64
		{5DFE5858-2BAA-48CB-8DBC-9DA48A9FEB2B}.Debug|x64.Build.0 = Debug|x64
		{5DFE5858-2BAA-48CB-8DBC-9DA48A9FEB2B}.Debug|x86.ActiveCfg = Debug|Win32
		{5DFE5858-2BAA-48CB-8DBC-9DA48A9FEB2B}.Debug|x86.Build.0 = Debug|Win32
		{5DFE5858-2BAA-48CB-8DBC-9DA48A9FEB2B}.Release|x64.ActiveCfg = Release|x64
		{5DFE5858-2BAA-48CB-8DBC-9DA48A9FEB2B}.Release|x64.Build.0 = Release|x64
		{5DFE5858-2BAA-48CB-8DBC-9DA48A9FEB2B}.Release|x86.ActiveCfg = Release|Win32
		{5DFE5858-2BAA-48CB-8DBC-9DA48A9FEB2B}.Release|x86.Build.0 = Release|Win32
		{B0B1AC48-D9F6-42C3-BEAD-4594ABBEBAED}.Debug|x64.ActiveCfg = Debug|x64
		{B0B1AC48-D9F6-42C3-BEAD-4594ABBEBAED}.Debug|x64.Build.0 = Debug|x64
		{B0B1AC48-D9F6-42C3-BEAD-4594ABBEBAED}.Debug|x86.ActiveCfg = Debug|Win32
		{B0B1AC48-D9F6-42C3-BEAD-4594ABBEBAED}.Debug|x86.Build.0 = Debug|Win32
		{B0B1AC48-D9F6-42C3-BEAD-4594ABBEBAED}.Release|x64.ActiveCfg = Release|x64
		{B0B1AC48-D9F6-42C3-BEAD-4594ABBEBAED}.Release|x64.Build.0 = Release|x64
		{B0B1AC48-D9F6-42C3-BEAD-4594ABBEBAED}.Release|x86.ActiveCfg = Release|Win32
		{B0B1AC48-D9F6-42C3-BEAD-4594ABBEBAED}.Release|x86.Build.0 = Release|Win32
		{CF57BE4A-6BE1-4473-AE99-9C354FB93227}.Debug|x64.ActiveCfg = Debug|x64
		{CF57BE4A-6BE1-4473-AE99-9C354FB93227}.Debug|x64.Build.0 = Debug|x64
		{CF57BE4A-6BE1-4473-AE99-9C354FB93227}.Debug|x86.ActiveCfg = Debug|Win32
		{CF57BE4A-6BE1-4473-AE99-9C354FB93227}.Debug|x86.Build.0 = Debug|Win32
		{CF57BE4A-6BE1-4473-AE99-9C354FB93227}.Release|x64.ActiveCfg = Release|x64
		{CF57BE4A-6BE1-4473-AE99-9C354FB93227}.Release|x64.Build.0 = Release|x64
		{CF57BE4A-6BE1-4473-AE99-9C354FB93227}.Release|x86.ActiveCfg = Release|Win32
		{CF57BE4A-6BE1-4473-AE99-9C354FB93227}.Release|x86.Build.0 = Release|Win32
		{016E6BC2-1B97-4B78-98C3-62D09B9C5F25}.Debug|x64.ActiveCfg = Debug|x64
		{016E6BC2-1B97-4B78-98C3-62D09B9C5F25}.Debug|x64.Build.0 = Debug|x64
		{016E6BC2-1B97-4B78-98C3-62D09B9C5F25}.Debug|x86.ActiveCfg = Debug|Win32
		{016E6BC2-1B97-4B78-98C3-62D09B9C5F25}.Debug|x86.Build.0 = Debug|Win32
		{016E6BC2-1B97-4B78-98C3-62D09B9C5F25}.Release|x64.ActiveCfg = Release|x64
		{016E6BC2-1B97-4B78-98C3-62D09B9C5F25}.Release|x64.Build.0 = Release|x64
		{016E6BC2-1B97-4B78-98C3-62D09B9C5F25}.Release|x86.ActiveCfg = Release|Win32
		{016E6BC2-1B97-4B78-98C3-62D09B9C5F25}.Release|x86.Build.0 = Release|Win32
	EndGlobalSection
	GlobalSection(SolutionProperties) = preSolution
		HideSolutionNode = FALSE
	EndGlobalSection
	GlobalSection(ExtensibilityGlobals) = postSolution
		SolutionGuid = {6C1D3DEF-5CA6-4B25-93E0-7A2E6F63AA90}
	EndGlobalSection
EndGlobal
